
Microsoft Visual Studio Solution File, Format Version 12.00
# Visual Studio Version 17
VisualStudioVersion = 17.0.31903.59
MinimumVisualStudioVersion = 10.0.40219.1
Project("{2150E333-8FDC-42A3-9474-1A3956D46DE8}") = "Src", "Src", "{75D55491-2465-4227-93FC-FAAA7E9115F1}"
EndProject
Project("{FAE04EC0-301F-11D3-BF4B-00C04F79EFBC}") = "BudgetTracker.Finance", "Src\BudgetTracker.Finance\BudgetTracker.Finance.csproj", "{033E0F06-827E-4106-9900-6740BAEFE08D}"
EndProject
Project("{FAE04EC0-301F-11D3-BF4B-00C04F79EFBC}") = "BudgetTracker.Dues", "Src\BudgetTracker.Dues\BudgetTracker.Dues.csproj", "{3B0E3290-1223-45FA-B0BC-C5FF35758BC3}"
EndProject
Project("{FAE04EC0-301F-11D3-BF4B-00C04F79EFBC}") = "BudgetTracker.EMIs", "Src\BudgetTracker.EMIs\BudgetTracker.EMIs.csproj", "{896453A1-9E3D-4B89-946B-730F4D346308}"
EndProject
Project("{FAE04EC0-301F-11D3-BF4B-00C04F79EFBC}") = "BudgetTracker.Shared", "Src\BudgetTracker.Shared\BudgetTracker.Shared.csproj", "{D803A410-3A43-4153-BCAB-F26868477286}"
EndProject
Project("{FAE04EC0-301F-11D3-BF4B-00C04F79EFBC}") = "BudgetTracker.Warehouse", "Src\BudgetTracker.Warehouse\BudgetTracker.Warehouse.csproj", "{B743F375-410C-4E9A-85C6-D01B4E4EFB4D}"
EndProject
Project("{FAE04EC0-301F-11D3-BF4B-00C04F79EFBC}") = "BudgetTracker.Gateway", "Src\BudgetTracker.Gateway\BudgetTracker.Gateway.csproj", "{0ED3C289-17A0-44A8-B414-D47F38A98F73}"
EndProject
Project("{2150E333-8FDC-42A3-9474-1A3956D46DE8}") = "IntegrationTests", "IntegrationTests", "{36584FA1-5006-4556-869B-BD3B38A12FFD}"
EndProject
Project("{FAE04EC0-301F-11D3-BF4B-00C04F79EFBC}") = "Finance.IntegrationTests", "IntegrationTests\Finance.IntegrationTests\Finance.IntegrationTests.csproj", "{EDC948F3-7689-46C8-9653-7128B3513F42}"
EndProject
Project("{FAE04EC0-301F-11D3-BF4B-00C04F79EFBC}") = "Shared.IntegrationTests", "IntegrationTests\Shared.IntegrationTests\Shared.IntegrationTests.csproj", "{863D3DCC-9847-4147-9AA6-F3F9866119AC}"
EndProject
Project("{2150E333-8FDC-42A3-9474-1A3956D46DE8}") = "UnitTests", "UnitTests", "{2764CD46-2151-4873-B487-B10590E9A147}"
EndProject
Project("{FAE04EC0-301F-11D3-BF4B-00C04F79EFBC}") = "Finance.UnitTests", "UnitTests\Finance.UnitTests\Finance.UnitTests.csproj", "{FA7D5A2C-5448-4F5C-8303-AF984300C36C}"
EndProject
Global
	GlobalSection(SolutionConfigurationPlatforms) = preSolution
		Debug|Any CPU = Debug|Any CPU
		Release|Any CPU = Release|Any CPU
	EndGlobalSection
	GlobalSection(SolutionProperties) = preSolution
		HideSolutionNode = FALSE
	EndGlobalSection
	GlobalSection(ProjectConfigurationPlatforms) = postSolution
		{033E0F06-827E-4106-9900-6740BAEFE08D}.Debug|Any CPU.ActiveCfg = Debug|Any CPU
		{033E0F06-827E-4106-9900-6740BAEFE08D}.Debug|Any CPU.Build.0 = Debug|Any CPU
		{033E0F06-827E-4106-9900-6740BAEFE08D}.Release|Any CPU.ActiveCfg = Release|Any CPU
		{033E0F06-827E-4106-9900-6740BAEFE08D}.Release|Any CPU.Build.0 = Release|Any CPU
		{3B0E3290-1223-45FA-B0BC-C5FF35758BC3}.Debug|Any CPU.ActiveCfg = Debug|Any CPU
		{3B0E3290-1223-45FA-B0BC-C5FF35758BC3}.Debug|Any CPU.Build.0 = Debug|Any CPU
		{3B0E3290-1223-45FA-B0BC-C5FF35758BC3}.Release|Any CPU.ActiveCfg = Release|Any CPU
		{3B0E3290-1223-45FA-B0BC-C5FF35758BC3}.Release|Any CPU.Build.0 = Release|Any CPU
		{896453A1-9E3D-4B89-946B-730F4D346308}.Debug|Any CPU.ActiveCfg = Debug|Any CPU
		{896453A1-9E3D-4B89-946B-730F4D346308}.Debug|Any CPU.Build.0 = Debug|Any CPU
		{896453A1-9E3D-4B89-946B-730F4D346308}.Release|Any CPU.ActiveCfg = Release|Any CPU
		{896453A1-9E3D-4B89-946B-730F4D346308}.Release|Any CPU.Build.0 = Release|Any CPU
		{D803A410-3A43-4153-BCAB-F26868477286}.Debug|Any CPU.ActiveCfg = Debug|Any CPU
		{D803A410-3A43-4153-BCAB-F26868477286}.Debug|Any CPU.Build.0 = Debug|Any CPU
		{D803A410-3A43-4153-BCAB-F26868477286}.Release|Any CPU.ActiveCfg = Release|Any CPU
		{D803A410-3A43-4153-BCAB-F26868477286}.Release|Any CPU.Build.0 = Release|Any CPU
		{B743F375-410C-4E9A-85C6-D01B4E4EFB4D}.Debug|Any CPU.ActiveCfg = Debug|Any CPU
		{B743F375-410C-4E9A-85C6-D01B4E4EFB4D}.Debug|Any CPU.Build.0 = Debug|Any CPU
		{B743F375-410C-4E9A-85C6-D01B4E4EFB4D}.Release|Any CPU.ActiveCfg = Release|Any CPU
		{B743F375-410C-4E9A-85C6-D01B4E4EFB4D}.Release|Any CPU.Build.0 = Release|Any CPU
		{0ED3C289-17A0-44A8-B414-D47F38A98F73}.Debug|Any CPU.ActiveCfg = Debug|Any CPU
		{0ED3C289-17A0-44A8-B414-D47F38A98F73}.Debug|Any CPU.Build.0 = Debug|Any CPU
		{0ED3C289-17A0-44A8-B414-D47F38A98F73}.Release|Any CPU.ActiveCfg = Release|Any CPU
		{0ED3C289-17A0-44A8-B414-D47F38A98F73}.Release|Any CPU.Build.0 = Release|Any CPU
		{EDC948F3-7689-46C8-9653-7128B3513F42}.Debug|Any CPU.ActiveCfg = Debug|Any CPU
		{EDC948F3-7689-46C8-9653-7128B3513F42}.Debug|Any CPU.Build.0 = Debug|Any CPU
		{EDC948F3-7689-46C8-9653-7128B3513F42}.Release|Any CPU.ActiveCfg = Release|Any CPU
		{EDC948F3-7689-46C8-9653-7128B3513F42}.Release|Any CPU.Build.0 = Release|Any CPU
		{863D3DCC-9847-4147-9AA6-F3F9866119AC}.Debug|Any CPU.ActiveCfg = Debug|Any CPU
		{863D3DCC-9847-4147-9AA6-F3F9866119AC}.Debug|Any CPU.Build.0 = Debug|Any CPU
		{863D3DCC-9847-4147-9AA6-F3F9866119AC}.Release|Any CPU.ActiveCfg = Release|Any CPU
		{863D3DCC-9847-4147-9AA6-F3F9866119AC}.Release|Any CPU.Build.0 = Release|Any CPU
		{FA7D5A2C-5448-4F5C-8303-AF984300C36C}.Debug|Any CPU.ActiveCfg = Debug|Any CPU
		{FA7D5A2C-5448-4F5C-8303-AF984300C36C}.Debug|Any CPU.Build.0 = Debug|Any CPU
		{FA7D5A2C-5448-4F5C-8303-AF984300C36C}.Release|Any CPU.ActiveCfg = Release|Any CPU
		{FA7D5A2C-5448-4F5C-8303-AF984300C36C}.Release|Any CPU.Build.0 = Release|Any CPU
	EndGlobalSection
	GlobalSection(NestedProjects) = preSolution
		{033E0F06-827E-4106-9900-6740BAEFE08D} = {75D55491-2465-4227-93FC-FAAA7E9115F1}
		{3B0E3290-1223-45FA-B0BC-C5FF35758BC3} = {75D55491-2465-4227-93FC-FAAA7E9115F1}
		{896453A1-9E3D-4B89-946B-730F4D346308} = {75D55491-2465-4227-93FC-FAAA7E9115F1}
		{D803A410-3A43-4153-BCAB-F26868477286} = {75D55491-2465-4227-93FC-FAAA7E9115F1}
		{B743F375-410C-4E9A-85C6-D01B4E4EFB4D} = {75D55491-2465-4227-93FC-FAAA7E9115F1}
		{0ED3C289-17A0-44A8-B414-D47F38A98F73} = {75D55491-2465-4227-93FC-FAAA7E9115F1}
		{EDC948F3-7689-46C8-9653-7128B3513F42} = {36584FA1-5006-4556-869B-BD3B38A12FFD}
		{863D3DCC-9847-4147-9AA6-F3F9866119AC} = {36584FA1-5006-4556-869B-BD3B38A12FFD}
		{FA7D5A2C-5448-4F5C-8303-AF984300C36C} = {2764CD46-2151-4873-B487-B10590E9A147}
	EndGlobalSection
EndGlobal
